{
  "name": "cordium",
  "version": "0.1.0",
  "lockfileVersion": 3,
  "requires": true,
  "packages": {
    "": {
      "name": "cordium",
      "version": "0.1.0",
      "license": "MIT",
      "workspaces": [
        "packages/kernel",
        "packages/plugins"
      ],
      "engines": {
        "node": ">=22.13.0"
      }
    },
    "node_modules/@cordium/kernel": {
      "resolved": "packages/kernel",
      "link": true
    },
    "node_modules/@cordium/plugins": {
      "resolved": "packages/plugins",
      "link": true
    },
    "packages/kernel": {
      "name": "@cordium/kernel",
      "version": "0.1.0",
      "license": "MIT",
      "engines": {
        "node": ">=22.13.0"
      }
    },
    "packages/plugins": {
      "name": "@cordium/plugins",
      "version": "0.1.0",
      "license": "MIT",
      "dependencies": {
        "@cordium/kernel": "0.1.0"
      },
      "engines": {
        "node": ">=22.13.0"
      }
    }
  }
}
